
Microsoft Visual Studio Solution File, Format Version 11.00
# Visual Studio 2010
Project("{FAE04EC0-301F-11D3-BF4B-00C04F79EFBC}") = "Assembly-CSharp", "Assembly-CSharp.csproj", "{9EE0F902-A90F-1B4E-E120-F37E358BFEE4}"
EndProject
Project("{FAE04EC0-301F-11D3-BF4B-00C04F79EFBC}") = "Assembly-CSharp-Editor", "Assembly-CSharp-Editor.csproj", "{6C35BCB6-C3B0-8EF9-052F-AED2FDC725DC}"
EndProject
Global
	GlobalSection(SolutionConfigurationPlatforms) = preSolution
		Debug|Any CPU = Debug|Any CPU
		Release|Any CPU = Release|Any CPU
	EndGlobalSection
	GlobalSection(ProjectConfigurationPlatforms) = postSolution
		{9EE0F902-A90F-1B4E-E120-F37E358BFEE4}.Debug|Any CPU.ActiveCfg = Debug|Any CPU
		{9EE0F902-A90F-1B4E-E120-F37E358BFEE4}.Debug|Any CPU.Build.0 = Debug|Any CPU
		{9EE0F902-A90F-1B4E-E120-F37E358BFEE4}.Release|Any CPU.ActiveCfg = Release|Any CPU
		{9EE0F902-A90F-1B4E-E120-F37E358BFEE4}.Release|Any CPU.Build.0 = Release|Any CPU
		{6C35BCB6-C3B0-8EF9-052F-AED2FDC725DC}.Debug|Any CPU.ActiveCfg = Debug|Any CPU
		{6C35BCB6-C3B0-8EF9-052F-AED2FDC725DC}.Debug|Any CPU.Build.0 = Debug|Any CPU
		{6C35BCB6-C3B0-8EF9-052F-AED2FDC725DC}.Release|Any CPU.ActiveCfg = Release|Any CPU
		{6C35BCB6-C3B0-8EF9-052F-AED2FDC725DC}.Release|Any CPU.Build.0 = Release|Any CPU
	EndGlobalSection
	GlobalSection(SolutionProperties) = preSolution
		HideSolutionNode = FALSE
	EndGlobalSection
EndGlobal
